
Microsoft Visual Studio Solution File, Format Version 12.00
# Visual Studio 15
VisualStudioVersion = 15.0.28307.489
MinimumVisualStudioVersion = 10.0.40219.1
Project("{FAE04EC0-301F-11D3-BF4B-00C04F79EFBC}") = "GameEngine", "GameEngine\GameEngine.csproj", "{B5C8702F-2D83-4158-901E-1C1E8D9B8CB6}"
EndProject
Global
	GlobalSection(SolutionConfigurationPlatforms) = preSolution
		Debug|Any CPU = Debug|Any CPU
		Release|Any CPU = Release|Any CPU
	EndGlobalSection
	GlobalSection(ProjectConfigurationPlatforms) = postSolution
		{B5C8702F-2D83-4158-901E-1C1E8D9B8CB6}.Debug|Any CPU.ActiveCfg = Debug|Any CPU
		{B5C8702F-2D83-4158-901E-1C1E8D9B8CB6}.Debug|Any CPU.Build.0 = Debug|Any CPU
		{B5C8702F-2D83-4158-901E-1C1E8D9B8CB6}.Release|Any CPU.ActiveCfg = Release|Any CPU
		{B5C8702F-2D83-4158-901E-1C1E8D9B8CB6}.Release|Any CPU.Build.0 = Release|Any CPU
	EndGlobalSection
	GlobalSection(SolutionProperties) = preSolution
		HideSolutionNode = FALSE
	EndGlobalSection
	GlobalSection(ExtensibilityGlobals) = postSolution
		SolutionGuid = {FFF97EE1-11D6-4622-8FE2-DD8D1FC4C706}
	EndGlobalSection
EndGlobal
